PODS:
  - Kanna (5.2.7)
  - KeychainAccess (4.2.2)
  - ManaKit (7.0.0):
    - Kanna
    - KeychainAccess
    - PromiseKit
    - SDWebImage
    - SSZipArchive
    - Sync
  - PromiseKit (6.15.3):
    - PromiseKit/CorePromise (= 6.15.3)
    - PromiseKit/Foundation (= 6.15.3)
    - PromiseKit/UIKit (= 6.15.3)
  - PromiseKit/CorePromise (6.15.3)
  - PromiseKit/Foundation (6.15.3):
    - PromiseKit/CorePromise
  - PromiseKit/UIKit (6.15.3):
    - PromiseKit/CorePromise
  - SDWebImage (5.12.0):
    - SDWebImage/Core (= 5.12.0)
  - SDWebImage/Core (5.12.0)
  - SSZipArchive (2.4.2)
  - Sync (6.5.0)

DEPENDENCIES:
  - Kanna
  - KeychainAccess
  - ManaKit (from `../`)
  - PromiseKit
  - SDWebImage
  - Sync

SPEC REPOS:
  trunk:
    - Kanna
    - KeychainAccess
    - PromiseKit
    - SDWebImage
    - SSZipArchive
    - Sync

EXTERNAL SOURCES:
  ManaKit:
    :path: "../"

SPEC CHECKSUMS:
  Kanna: 01cfbddc127f5ff0963692f285fcbc8a9d62d234
  KeychainAccess: c0c4f7f38f6fc7bbe58f5702e25f7bd2f65abf51
  ManaKit: 48eebf2ce798f8e6a2439736f95c9a30fd1008f8
  PromiseKit: 3b2b6995e51a954c46dbc550ce3da44fbfb563c5
  SDWebImage: 4ea20cca2986adc5aacde07aa686742fd4c67a37
  SSZipArchive: e7b4f3d9e780c2acc1764cd88fbf2de28f26e5b2
  Sync: 86bb8aa0ea2f955ea5ac97b7b73129f86591c39e

PODFILE CHECKSUM: 7ea55d6b0fa12ea6f06b296e730156e32d748410

COCOAPODS: 1.10.1
