PODS:
  - DATASource (7.0.1)
  - DATAStack (6.2.0)
  - Kanna (2.1.1)
  - ManaKit (2.1.0):
    - DATASource
    - DATAStack (~> 6)
    - Kanna
    - Networking
    - Reachability
    - SSZipArchive
    - Sync
  - Networking (4.1.1)
  - Reachability (3.2)
  - SSZipArchive (2.1.1)
  - Sync (4.0.3)

DEPENDENCIES:
  - DATASource
  - DATAStack
  - Kanna (~> 2.1.0)
  - ManaKit (from `../`)
  - Networking
  - Reachability
  - SSZipArchive
  - Sync

EXTERNAL SOURCES:
  ManaKit:
    :path: ../

SPEC CHECKSUMS:
  DATASource: 8cc3060d145b8b1855859f92fbff52b1b1930c7e
  DATAStack: 06d6a00f4fe84f11afdae2a6f47558f1087000e5
  Kanna: 9b4b086c218703f2b94f5b21a466217dd2f9332e
  ManaKit: a69098984dc79a7bb129a336d7c3451942c30202
  Networking: ffde5754883907f90f9f751e183eba4a75dc4b89
  Reachability: 33e18b67625424e47b6cde6d202dce689ad7af96
  SSZipArchive: 14401ade5f8e82aba1ff03e9f88e9de60937ae60
  Sync: 0490b72e3322ba86095f603d7230bec36749f249

PODFILE CHECKSUM: ac26a47838b27a76559958350ba4cf4865c5d4c1

COCOAPODS: 1.4.0.beta.2
