PODS:
  - FontAwesome.swift (1.4.8)
  - Kanna (4.0.3)
  - KeychainAccess (3.1.2)
  - ManaKit (4.0.5):
    - Kanna (~> 4.0.0)
    - KeychainAccess
    - PromiseKit
    - RealmSwift
    - SDWebImage
    - SSZipArchive
  - PromiseKit (6.7.1):
    - PromiseKit/CorePromise (= 6.7.1)
    - PromiseKit/Foundation (= 6.7.1)
    - PromiseKit/UIKit (= 6.7.1)
  - PromiseKit/CorePromise (6.7.1)
  - PromiseKit/Foundation (6.7.1):
    - PromiseKit/CorePromise
  - PromiseKit/UIKit (6.7.1):
    - PromiseKit/CorePromise
  - Realm (3.13.1):
    - Realm/Headers (= 3.13.1)
  - Realm/Headers (3.13.1)
  - RealmSwift (3.13.1):
    - Realm (= 3.13.1)
  - SDWebImage (4.4.3):
    - SDWebImage/Core (= 4.4.3)
  - SDWebImage/Core (4.4.3)
  - SSZipArchive (2.1.4)

DEPENDENCIES:
  - FontAwesome.swift
  - Kanna (~> 4.0.0)
  - KeychainAccess
  - ManaKit (from `../`)
  - PromiseKit
  - RealmSwift
  - SDWebImage
  - SSZipArchive

SPEC REPOS:
  https://github.com/cocoapods/specs.git:
    - FontAwesome.swift
    - Kanna
    - KeychainAccess
    - PromiseKit
    - Realm
    - RealmSwift
    - SDWebImage
    - SSZipArchive

EXTERNAL SOURCES:
  ManaKit:
    :path: "../"

SPEC CHECKSUMS:
  FontAwesome.swift: fb8637bffb9a588c7e8c753c084565b27b20a39d
  Kanna: 0ebbdd0e7e3308f0aafbd569e79c8cadc5eb877c
  KeychainAccess: b3816fddcf28aa29d94b10ec305cd52be14c472b
  ManaKit: db5db40fb2d41b3f8e77d8889eb1dbf87404609f
  PromiseKit: ef376fb8b4e92edfeb66bd403b983eaa07fbde0c
  Realm: 50071da38fe079e0735e47c9f2eae738c68c5996
  RealmSwift: 8a1e6a02b7a08cd17a31e3115143fb69fe5f3fb9
  SDWebImage: c5594f1a19c48d526d321e548902b56b479cd508
  SSZipArchive: 41455d4b8d2b6ab93990820b50dc697c2554a322

PODFILE CHECKSUM: 8b463fa1d93f1f04f7447c257974baf0bed042fe

COCOAPODS: 1.5.3
