{
  "object": {
    "pins": [
      {
        "package": "Kanna",
        "repositoryURL": "https://github.com/tid-kijyun/Kanna.git",
        "state": {
          "branch": null,
          "revision": "9b8f73f8c8e145dc496565bbf878a709793e7ba3",
          "version": "5.0.0"
        }
      },
      {
        "package": "KeychainAccess",
        "repositoryURL": "https://github.com/kishikawakatsumi/KeychainAccess.git",
        "state": {
          "branch": null,
          "revision": "b920ad7df3c73189dcdd4aa05c540849b2010dbf",
          "version": "4.1.0"
        }
      },
      {
        "package": "PromiseKit",
        "repositoryURL": "https://github.com/mxcl/PromiseKit.git",
        "state": {
          "branch": null,
          "revision": "80963d4317bcdc03891e0fbaa744f20511d1bc08",
          "version": "6.12.0"
        }
      }
    ]
  },
  "version": 1
}
