// !$*UTF8*$!
{
	archiveVersion = 1;
	classes = {
	};
	objectVersion = 46;
	objects = {

/* Begin PBXBuildFile section */
		0928D1B91284BF5FC1C7F70C /* Pods_ManaKit_ExampleUITests.framework in Frameworks */ = {isa = PBXBuildFile; fileRef = FB104CDA95D718A38F1B6D71 /* Pods_ManaKit_ExampleUITests.framework */; };
		115151B91F1E24130061C270 /* data in Resources */ = {isa = PBXBuildFile; fileRef = 115151B81F1E24130061C270 /* data */; };
		607FACD61AFB9204008FA782 /* AppDelegate.swift in Sources */ = {isa = PBXBuildFile; fileRef = 607FACD51AFB9204008FA782 /* AppDelegate.swift */; };
		607FACDB1AFB9204008FA782 /* Main.storyboard in Resources */ = {isa = PBXBuildFile; fileRef = 607FACD91AFB9204008FA782 /* Main.storyboard */; };
		607FACE01AFB9204008FA782 /* LaunchScreen.xib in Resources */ = {isa = PBXBuildFile; fileRef = 607FACDE1AFB9204008FA782 /* LaunchScreen.xib */; };
		76A3B7A734A6AACE84F27C9A /* Pods_ManaKit_Example.framework in Frameworks */ = {isa = PBXBuildFile; fileRef = D0DFAAD42C95E0F12AD65AE0 /* Pods_ManaKit_Example.framework */; };
		8B17AA2C27E39702009471C5 /* LazyView.swift in Sources */ = {isa = PBXBuildFile; fileRef = 8B17AA2B27E39702009471C5 /* LazyView.swift */; };
		8B17AA2D27E39702009471C5 /* LazyView.swift in Sources */ = {isa = PBXBuildFile; fileRef = 8B17AA2B27E39702009471C5 /* LazyView.swift */; };
		8B17AA2E27E39702009471C5 /* LazyView.swift in Sources */ = {isa = PBXBuildFile; fileRef = 8B17AA2B27E39702009471C5 /* LazyView.swift */; };
		8B379A3C23A57DFE005D0171 /* Images.xcassets in Resources */ = {isa = PBXBuildFile; fileRef = 8B379A3B23A57DFD005D0171 /* Images.xcassets */; };
		8B379A8223A58568005D0171 /* BuildFile in Embed Frameworks */ = {isa = PBXBuildFile; settings = {ATTRIBUTES = (CodeSignOnCopy, RemoveHeadersOnCopy, ); }; };
		8B4219F6255A597C00F7B8AE /* SceneDelegate.swift in Sources */ = {isa = PBXBuildFile; fileRef = 8B4219F5255A597C00F7B8AE /* SceneDelegate.swift */; };
		8B4219FE255A5A0800F7B8AE /* MainView.swift in Sources */ = {isa = PBXBuildFile; fileRef = 8B4219FD255A5A0800F7B8AE /* MainView.swift */; };
		8B421A04255A5BD800F7B8AE /* SetsView.swift in Sources */ = {isa = PBXBuildFile; fileRef = 8B421A03255A5BD800F7B8AE /* SetsView.swift */; };
		8B421A09255A5BFC00F7B8AE /* RulesView.swift in Sources */ = {isa = PBXBuildFile; fileRef = 8B421A08255A5BFC00F7B8AE /* RulesView.swift */; };
		8B426108270FE8A1000DC07D /* SetsViewModel.swift in Sources */ = {isa = PBXBuildFile; fileRef = 8B426107270FE8A1000DC07D /* SetsViewModel.swift */; };
		8B426109270FE8A1000DC07D /* SetsViewModel.swift in Sources */ = {isa = PBXBuildFile; fileRef = 8B426107270FE8A1000DC07D /* SetsViewModel.swift */; };
		8B42610A270FE8A1000DC07D /* SetsViewModel.swift in Sources */ = {isa = PBXBuildFile; fileRef = 8B426107270FE8A1000DC07D /* SetsViewModel.swift */; };
		8B42610E270FF651000DC07D /* MockAPI.swift in Sources */ = {isa = PBXBuildFile; fileRef = 8B42610D270FF651000DC07D /* MockAPI.swift */; };
		8B4EB8E1278B598E0002922D /* SearchView.swift in Sources */ = {isa = PBXBuildFile; fileRef = 8B4EB8E0278B598E0002922D /* SearchView.swift */; };
		8B4EB8E3278B59A40002922D /* SearchViewModel.swift in Sources */ = {isa = PBXBuildFile; fileRef = 8B4EB8E2278B59A40002922D /* SearchViewModel.swift */; };
		8B4EB8E6278B63FC0002922D /* CardRowView.swift in Sources */ = {isa = PBXBuildFile; fileRef = 8B4EB8E5278B63FC0002922D /* CardRowView.swift */; };
		8B4EB8E8278B66690002922D /* SearchNavigation.swift in Sources */ = {isa = PBXBuildFile; fileRef = 8B4EB8E7278B66690002922D /* SearchNavigation.swift */; };
		8B4EB8EC278E647A0002922D /* AttributedText.swift in Sources */ = {isa = PBXBuildFile; fileRef = 8B4EB8EB278E647A0002922D /* AttributedText.swift */; };
		8B626D912403094C00972EED /* CHANGELOG.md in Resources */ = {isa = PBXBuildFile; fileRef = 8B626D902403094C00972EED /* CHANGELOG.md */; };
		8B70144723B425200097298B /* ManaKit_ExampleUITests.swift in Sources */ = {isa = PBXBuildFile; fileRef = 8B70144623B425200097298B /* ManaKit_ExampleUITests.swift */; };
		8BADF87A27738186004271D7 /* APITest.swift in Sources */ = {isa = PBXBuildFile; fileRef = 8BADF87927738186004271D7 /* APITest.swift */; };
		8BC1A7A2277256BE00A2472C /* TestView.swift in Sources */ = {isa = PBXBuildFile; fileRef = 8BC1A7A1277256BE00A2472C /* TestView.swift */; };
		8BC1A7A4277273F500A2472C /* SetView.swift in Sources */ = {isa = PBXBuildFile; fileRef = 8BC1A7A3277273F500A2472C /* SetView.swift */; };
		8BC1A7A62772AA4E00A2472C /* SetViewModel.swift in Sources */ = {isa = PBXBuildFile; fileRef = 8BC1A7A52772AA4E00A2472C /* SetViewModel.swift */; };
		8BC1A7A82772D86B00A2472C /* ActivityIndicatorView.swift in Sources */ = {isa = PBXBuildFile; fileRef = 8BC1A7A72772D86B00A2472C /* ActivityIndicatorView.swift */; };
		8BFA8104277BC3BB00335176 /* alignment-guides-tool.swift in Sources */ = {isa = PBXBuildFile; fileRef = 8BFA8103277BC3BB00335176 /* alignment-guides-tool.swift */; };
		8BFA8106277BC3D100335176 /* AlignmentGuideView.swift in Sources */ = {isa = PBXBuildFile; fileRef = 8BFA8105277BC3D100335176 /* AlignmentGuideView.swift */; };
		8BFA8108277BD44300335176 /* CardView.swift in Sources */ = {isa = PBXBuildFile; fileRef = 8BFA8107277BD44300335176 /* CardView.swift */; };
		8BFA810A277BD45600335176 /* CardViewModel.swift in Sources */ = {isa = PBXBuildFile; fileRef = 8BFA8109277BD45600335176 /* CardViewModel.swift */; };
		B7BAB0E63C7987B421C30229 /* Pods_ManaKit_ExampleTests.framework in Frameworks */ = {isa = PBXBuildFile; fileRef = FCC7ADEA511ED53E8B91659F /* Pods_ManaKit_ExampleTests.framework */; };
/* End PBXBuildFile section */

/* Begin PBXContainerItemProxy section */
		8B70144923B425200097298B /* PBXContainerItemProxy */ = {
			isa = PBXContainerItemProxy;
			containerPortal = 607FACC81AFB9204008FA782 /* Project object */;
			proxyType = 1;
			remoteGlobalIDString = 607FACCF1AFB9204008FA782;
			remoteInfo = ManaKit_Example;
		};
		8B70145723B4252D0097298B /* PBXContainerItemProxy */ = {
			isa = PBXContainerItemProxy;
			containerPortal = 607FACC81AFB9204008FA782 /* Project object */;
			proxyType = 1;
			remoteGlobalIDString = 607FACCF1AFB9204008FA782;
			remoteInfo = ManaKit_Example;
		};
/* End PBXContainerItemProxy section */

/* Begin PBXCopyFilesBuildPhase section */
		8B379A8323A58568005D0171 /* Embed Frameworks */ = {
			isa = PBXCopyFilesBuildPhase;
			buildActionMask = 2147483647;
			dstPath = "";
			dstSubfolderSpec = 10;
			files = (
				8B379A8223A58568005D0171 /* BuildFile in Embed Frameworks */,
			);
			name = "Embed Frameworks";
			runOnlyForDeploymentPostprocessing = 0;
		};
/* End PBXCopyFilesBuildPhase section */

/* Begin PBXFileReference section */
		115151B81F1E24130061C270 /* data */ = {isa = PBXFileReference; lastKnownFileType = folder; path = data; sourceTree = "<group>"; };
		19252A614489CA765518E798 /* Pods-ManaKit_ExampleUITests.debug.xcconfig */ = {isa = PBXFileReference; includeInIndex = 1; lastKnownFileType = text.xcconfig; name = "Pods-ManaKit_ExampleUITests.debug.xcconfig"; path = "Target Support Files/Pods-ManaKit_ExampleUITests/Pods-ManaKit_ExampleUITests.debug.xcconfig"; sourceTree = "<group>"; };
		214271945F84D9EB3A6B8CF1 /* README.md */ = {isa = PBXFileReference; includeInIndex = 1; lastKnownFileType = net.daringfireball.markdown; name = README.md; path = ../README.md; sourceTree = "<group>"; };
		2C08B50C2491A80F0CAC98EC /* Pods-ManaKit_Example.debug.xcconfig */ = {isa = PBXFileReference; includeInIndex = 1; lastKnownFileType = text.xcconfig; name = "Pods-ManaKit_Example.debug.xcconfig"; path = "Target Support Files/Pods-ManaKit_Example/Pods-ManaKit_Example.debug.xcconfig"; sourceTree = "<group>"; };
		48171811C679DF9FC762D4AE /* Pods-ManaKit_ExampleTests.release.xcconfig */ = {isa = PBXFileReference; includeInIndex = 1; lastKnownFileType = text.xcconfig; name = "Pods-ManaKit_ExampleTests.release.xcconfig"; path = "Target Support Files/Pods-ManaKit_ExampleTests/Pods-ManaKit_ExampleTests.release.xcconfig"; sourceTree = "<group>"; };
		607FACD01AFB9204008FA782 /* ManaKit_Example.app */ = {isa = PBXFileReference; explicitFileType = wrapper.application; includeInIndex = 0; path = ManaKit_Example.app; sourceTree = BUILT_PRODUCTS_DIR; };
		607FACD41AFB9204008FA782 /* Info.plist */ = {isa = PBXFileReference; lastKnownFileType = text.plist.xml; path = Info.plist; sourceTree = "<group>"; };
		607FACD51AFB9204008FA782 /* AppDelegate.swift */ = {isa = PBXFileReference; lastKnownFileType = sourcecode.swift; path = AppDelegate.swift; sourceTree = "<group>"; };
		607FACDA1AFB9204008FA782 /* Base */ = {isa = PBXFileReference; lastKnownFileType = file.storyboard; name = Base; path = Base.lproj/Main.storyboard; sourceTree = "<group>"; };
		607FACDF1AFB9204008FA782 /* Base */ = {isa = PBXFileReference; lastKnownFileType = file.xib; name = Base; path = Base.lproj/LaunchScreen.xib; sourceTree = "<group>"; };
		790E2C95DAEEFCC5990EEE22 /* ManaKit.podspec */ = {isa = PBXFileReference; includeInIndex = 1; lastKnownFileType = text; name = ManaKit.podspec; path = ../ManaKit.podspec; sourceTree = "<group>"; xcLanguageSpecificationIdentifier = xcode.lang.ruby; };
		8B17AA2B27E39702009471C5 /* LazyView.swift */ = {isa = PBXFileReference; lastKnownFileType = sourcecode.swift; path = LazyView.swift; sourceTree = "<group>"; };
		8B379A3B23A57DFD005D0171 /* Images.xcassets */ = {isa = PBXFileReference; lastKnownFileType = folder.assetcatalog; path = Images.xcassets; sourceTree = "<group>"; };
		8B379A4C23A58175005D0171 /* ManaKit.framework */ = {isa = PBXFileReference; explicitFileType = wrapper.framework; path = ManaKit.framework; sourceTree = BUILT_PRODUCTS_DIR; };
		8B379A6023A581E8005D0171 /* ManaKit.framework */ = {isa = PBXFileReference; explicitFileType = wrapper.framework; path = ManaKit.framework; sourceTree = BUILT_PRODUCTS_DIR; };
		8B379A8523A585D5005D0171 /* FontAwesome_swift.framework */ = {isa = PBXFileReference; explicitFileType = wrapper.framework; path = FontAwesome_swift.framework; sourceTree = BUILT_PRODUCTS_DIR; };
		8B379A8623A585D5005D0171 /* Kanna.framework */ = {isa = PBXFileReference; explicitFileType = wrapper.framework; path = Kanna.framework; sourceTree = BUILT_PRODUCTS_DIR; };
		8B379A8723A585D5005D0171 /* PromiseKit.framework */ = {isa = PBXFileReference; explicitFileType = wrapper.framework; path = PromiseKit.framework; sourceTree = BUILT_PRODUCTS_DIR; };
		8B379A8823A585D5005D0171 /* SSZipArchive.framework */ = {isa = PBXFileReference; explicitFileType = wrapper.framework; path = SSZipArchive.framework; sourceTree = BUILT_PRODUCTS_DIR; };
		8B379A8923A585D5005D0171 /* Sync.framework */ = {isa = PBXFileReference; explicitFileType = wrapper.framework; path = Sync.framework; sourceTree = BUILT_PRODUCTS_DIR; };
		8B379AA523A58691005D0171 /* ManaKit.framework */ = {isa = PBXFileReference; explicitFileType = wrapper.framework; path = ManaKit.framework; sourceTree = BUILT_PRODUCTS_DIR; };
		8B379AA623A58691005D0171 /* PromiseKit.framework */ = {isa = PBXFileReference; explicitFileType = wrapper.framework; path = PromiseKit.framework; sourceTree = BUILT_PRODUCTS_DIR; };
		8B379AA723A58691005D0171 /* SDWebImage.framework */ = {isa = PBXFileReference; explicitFileType = wrapper.framework; path = SDWebImage.framework; sourceTree = BUILT_PRODUCTS_DIR; };
		8B379AA823A58691005D0171 /* SSZipArchive.framework */ = {isa = PBXFileReference; explicitFileType = wrapper.framework; path = SSZipArchive.framework; sourceTree = BUILT_PRODUCTS_DIR; };
		8B379AA923A58691005D0171 /* Sync.framework */ = {isa = PBXFileReference; explicitFileType = wrapper.framework; path = Sync.framework; sourceTree = BUILT_PRODUCTS_DIR; };
		8B379ABD23A58722005D0171 /* ManaKit.framework */ = {isa = PBXFileReference; explicitFileType = wrapper.framework; path = ManaKit.framework; sourceTree = BUILT_PRODUCTS_DIR; };
		8B379AD523A58822005D0171 /* Kanna.framework */ = {isa = PBXFileReference; explicitFileType = wrapper.framework; path = Kanna.framework; sourceTree = BUILT_PRODUCTS_DIR; };
		8B379AE223A58DAE005D0171 /* ManaKit.framework */ = {isa = PBXFileReference; explicitFileType = wrapper.framework; path = ManaKit.framework; sourceTree = BUILT_PRODUCTS_DIR; };
		8B4219F5255A597C00F7B8AE /* SceneDelegate.swift */ = {isa = PBXFileReference; lastKnownFileType = sourcecode.swift; path = SceneDelegate.swift; sourceTree = "<group>"; };
		8B4219FD255A5A0800F7B8AE /* MainView.swift */ = {isa = PBXFileReference; lastKnownFileType = sourcecode.swift; path = MainView.swift; sourceTree = "<group>"; };
		8B421A03255A5BD800F7B8AE /* SetsView.swift */ = {isa = PBXFileReference; lastKnownFileType = sourcecode.swift; path = SetsView.swift; sourceTree = "<group>"; };
		8B421A08255A5BFC00F7B8AE /* RulesView.swift */ = {isa = PBXFileReference; lastKnownFileType = sourcecode.swift; path = RulesView.swift; sourceTree = "<group>"; };
		8B426107270FE8A1000DC07D /* SetsViewModel.swift */ = {isa = PBXFileReference; lastKnownFileType = sourcecode.swift; path = SetsViewModel.swift; sourceTree = "<group>"; };
		8B42610D270FF651000DC07D /* MockAPI.swift */ = {isa = PBXFileReference; lastKnownFileType = sourcecode.swift; path = MockAPI.swift; sourceTree = "<group>"; };
		8B4EB8E0278B598E0002922D /* SearchView.swift */ = {isa = PBXFileReference; lastKnownFileType = sourcecode.swift; path = SearchView.swift; sourceTree = "<group>"; };
		8B4EB8E2278B59A40002922D /* SearchViewModel.swift */ = {isa = PBXFileReference; lastKnownFileType = sourcecode.swift; path = SearchViewModel.swift; sourceTree = "<group>"; };
		8B4EB8E5278B63FC0002922D /* CardRowView.swift */ = {isa = PBXFileReference; lastKnownFileType = sourcecode.swift; path = CardRowView.swift; sourceTree = "<group>"; };
		8B4EB8E7278B66690002922D /* SearchNavigation.swift */ = {isa = PBXFileReference; fileEncoding = 4; lastKnownFileType = sourcecode.swift; path = SearchNavigation.swift; sourceTree = "<group>"; };
		8B4EB8EB278E647A0002922D /* AttributedText.swift */ = {isa = PBXFileReference; fileEncoding = 4; lastKnownFileType = sourcecode.swift; path = AttributedText.swift; sourceTree = "<group>"; };
		8B626D902403094C00972EED /* CHANGELOG.md */ = {isa = PBXFileReference; fileEncoding = 4; lastKnownFileType = net.daringfireball.markdown; name = CHANGELOG.md; path = ../CHANGELOG.md; sourceTree = "<group>"; };
		8B70144423B425200097298B /* ManaKit_ExampleUITests.xctest */ = {isa = PBXFileReference; explicitFileType = wrapper.cfbundle; includeInIndex = 0; path = ManaKit_ExampleUITests.xctest; sourceTree = BUILT_PRODUCTS_DIR; };
		8B70144623B425200097298B /* ManaKit_ExampleUITests.swift */ = {isa = PBXFileReference; lastKnownFileType = sourcecode.swift; path = ManaKit_ExampleUITests.swift; sourceTree = "<group>"; };
		8B70144823B425200097298B /* Info.plist */ = {isa = PBXFileReference; lastKnownFileType = text.plist.xml; path = Info.plist; sourceTree = "<group>"; };
		8B70145223B4252D0097298B /* ManaKit_ExampleTests.xctest */ = {isa = PBXFileReference; explicitFileType = wrapper.cfbundle; includeInIndex = 0; path = ManaKit_ExampleTests.xctest; sourceTree = BUILT_PRODUCTS_DIR; };
		8B70145623B4252D0097298B /* Info.plist */ = {isa = PBXFileReference; lastKnownFileType = text.plist.xml; path = Info.plist; sourceTree = "<group>"; };
		8BADF87927738186004271D7 /* APITest.swift */ = {isa = PBXFileReference; lastKnownFileType = sourcecode.swift; path = APITest.swift; sourceTree = "<group>"; };
		8BC1A7A1277256BE00A2472C /* TestView.swift */ = {isa = PBXFileReference; lastKnownFileType = sourcecode.swift; path = TestView.swift; sourceTree = "<group>"; };
		8BC1A7A3277273F500A2472C /* SetView.swift */ = {isa = PBXFileReference; lastKnownFileType = sourcecode.swift; path = SetView.swift; sourceTree = "<group>"; };
		8BC1A7A52772AA4E00A2472C /* SetViewModel.swift */ = {isa = PBXFileReference; lastKnownFileType = sourcecode.swift; path = SetViewModel.swift; sourceTree = "<group>"; };
		8BC1A7A72772D86B00A2472C /* ActivityIndicatorView.swift */ = {isa = PBXFileReference; fileEncoding = 4; lastKnownFileType = sourcecode.swift; path = ActivityIndicatorView.swift; sourceTree = "<group>"; };
		8BFA8103277BC3BB00335176 /* alignment-guides-tool.swift */ = {isa = PBXFileReference; fileEncoding = 4; lastKnownFileType = sourcecode.swift; path = "alignment-guides-tool.swift"; sourceTree = "<group>"; };
		8BFA8105277BC3D100335176 /* AlignmentGuideView.swift */ = {isa = PBXFileReference; lastKnownFileType = sourcecode.swift; path = AlignmentGuideView.swift; sourceTree = "<group>"; };
		8BFA8107277BD44300335176 /* CardView.swift */ = {isa = PBXFileReference; lastKnownFileType = sourcecode.swift; path = CardView.swift; sourceTree = "<group>"; };
		8BFA8109277BD45600335176 /* CardViewModel.swift */ = {isa = PBXFileReference; lastKnownFileType = sourcecode.swift; path = CardViewModel.swift; sourceTree = "<group>"; };
		93DD4A131528B8734014057C /* Pods-ManaKit_ExampleTests.debug.xcconfig */ = {isa = PBXFileReference; includeInIndex = 1; lastKnownFileType = text.xcconfig; name = "Pods-ManaKit_ExampleTests.debug.xcconfig"; path = "Target Support Files/Pods-ManaKit_ExampleTests/Pods-ManaKit_ExampleTests.debug.xcconfig"; sourceTree = "<group>"; };
		B78937B8DAD1AD41B0361C9F /* Pods-ManaKit_ExampleUITests.release.xcconfig */ = {isa = PBXFileReference; includeInIndex = 1; lastKnownFileType = text.xcconfig; name = "Pods-ManaKit_ExampleUITests.release.xcconfig"; path = "Target Support Files/Pods-ManaKit_ExampleUITests/Pods-ManaKit_ExampleUITests.release.xcconfig"; sourceTree = "<group>"; };
		D0DFAAD42C95E0F12AD65AE0 /* Pods_ManaKit_Example.framework */ = {isa = PBXFileReference; explicitFileType = wrapper.framework; includeInIndex = 0; path = Pods_ManaKit_Example.framework; sourceTree = BUILT_PRODUCTS_DIR; };
		F1DD25F0DFFC1B6C635F5A80 /* Pods-ManaKit_Example.release.xcconfig */ = {isa = PBXFileReference; includeInIndex = 1; lastKnownFileType = text.xcconfig; name = "Pods-ManaKit_Example.release.xcconfig"; path = "Target Support Files/Pods-ManaKit_Example/Pods-ManaKit_Example.release.xcconfig"; sourceTree = "<group>"; };
		F97030AAD27F370F0BC2219A /* LICENSE */ = {isa = PBXFileReference; includeInIndex = 1; lastKnownFileType = text; name = LICENSE; path = ../LICENSE; sourceTree = "<group>"; };
		FB104CDA95D718A38F1B6D71 /* Pods_ManaKit_ExampleUITests.framework */ = {isa = PBXFileReference; explicitFileType = wrapper.framework; includeInIndex = 0; path = Pods_ManaKit_ExampleUITests.framework; sourceTree = BUILT_PRODUCTS_DIR; };
		FCC7ADEA511ED53E8B91659F /* Pods_ManaKit_ExampleTests.framework */ = {isa = PBXFileReference; explicitFileType = wrapper.framework; includeInIndex = 0; path = Pods_ManaKit_ExampleTests.framework; sourceTree = BUILT_PRODUCTS_DIR; };
/* End PBXFileReference section */

/* Begin PBXFrameworksBuildPhase section */
		607FACCD1AFB9204008FA782 /* Frameworks */ = {
			isa = PBXFrameworksBuildPhase;
			buildActionMask = 2147483647;
			files = (
				76A3B7A734A6AACE84F27C9A /* Pods_ManaKit_Example.framework in Frameworks */,
			);
			runOnlyForDeploymentPostprocessing = 0;
		};
		8B70144123B425200097298B /* Frameworks */ = {
			isa = PBXFrameworksBuildPhase;
			buildActionMask = 2147483647;
			files = (
				0928D1B91284BF5FC1C7F70C /* Pods_ManaKit_ExampleUITests.framework in Frameworks */,
			);
			runOnlyForDeploymentPostprocessing = 0;
		};
		8B70144F23B4252D0097298B /* Frameworks */ = {
			isa = PBXFrameworksBuildPhase;
			buildActionMask = 2147483647;
			files = (
				B7BAB0E63C7987B421C30229 /* Pods_ManaKit_ExampleTests.framework in Frameworks */,
			);
			runOnlyForDeploymentPostprocessing = 0;
		};
/* End PBXFrameworksBuildPhase section */

/* Begin PBXGroup section */
		114A53B0213F954C0046CC82 /* Set */ = {
			isa = PBXGroup;
			children = (
				8BC1A7A3277273F500A2472C /* SetView.swift */,
				8BC1A7A52772AA4E00A2472C /* SetViewModel.swift */,
			);
			path = Set;
			sourceTree = "<group>";
		};
		119588DA2125DC9600B5D7C4 /* Sets */ = {
			isa = PBXGroup;
			children = (
				8B426106270FE87D000DC07D /* Old Code */,
				8B421A03255A5BD800F7B8AE /* SetsView.swift */,
				8B426107270FE8A1000DC07D /* SetsViewModel.swift */,
			);
			path = Sets;
			sourceTree = "<group>";
		};
		119588DD2125E24F00B5D7C4 /* Card */ = {
			isa = PBXGroup;
			children = (
				8BFA8107277BD44300335176 /* CardView.swift */,
				8BFA8109277BD45600335176 /* CardViewModel.swift */,
			);
			path = Card;
			sourceTree = "<group>";
		};
		607FACC71AFB9204008FA782 = {
			isa = PBXGroup;
			children = (
				8B626D902403094C00972EED /* CHANGELOG.md */,
				607FACF51AFB993E008FA782 /* Podspec Metadata */,
				607FACD21AFB9204008FA782 /* Example for ManaKit */,
				8B70144523B425200097298B /* ManaKit_ExampleUITests */,
				8B70145323B4252D0097298B /* ManaKit_ExampleTests */,
				607FACD11AFB9204008FA782 /* Products */,
				852FC860576265D199206F9C /* Frameworks */,
				E0A568417D1185DAEB2867C5 /* Pods */,
			);
			sourceTree = "<group>";
		};
		607FACD11AFB9204008FA782 /* Products */ = {
			isa = PBXGroup;
			children = (
				607FACD01AFB9204008FA782 /* ManaKit_Example.app */,
				8B70144423B425200097298B /* ManaKit_ExampleUITests.xctest */,
				8B70145223B4252D0097298B /* ManaKit_ExampleTests.xctest */,
			);
			name = Products;
			sourceTree = "<group>";
		};
		607FACD21AFB9204008FA782 /* Example for ManaKit */ = {
			isa = PBXGroup;
			children = (
				8B4EB8E4278B63DE0002922D /* Common Views */,
				8BFA8102277BC38D00335176 /* Experimental */,
				8BC1A7A72772D86B00A2472C /* ActivityIndicatorView.swift */,
				607FACD51AFB9204008FA782 /* AppDelegate.swift */,
				8B4219F5255A597C00F7B8AE /* SceneDelegate.swift */,
				8B4219FD255A5A0800F7B8AE /* MainView.swift */,
				8B42610D270FF651000DC07D /* MockAPI.swift */,
				119588DD2125E24F00B5D7C4 /* Card */,
				115151B81F1E24130061C270 /* data */,
				8B379A3B23A57DFD005D0171 /* Images.xcassets */,
				607FACDE1AFB9204008FA782 /* LaunchScreen.xib */,
				607FACD91AFB9204008FA782 /* Main.storyboard */,
				8B421A07255A5BE100F7B8AE /* Rules */,
				8B4EB8DF278B59700002922D /* Search */,
				114A53B0213F954C0046CC82 /* Set */,
				119588DA2125DC9600B5D7C4 /* Sets */,
				607FACD31AFB9204008FA782 /* Supporting Files */,
			);
			name = "Example for ManaKit";
			path = ManaKit;
			sourceTree = "<group>";
		};
		607FACD31AFB9204008FA782 /* Supporting Files */ = {
			isa = PBXGroup;
			children = (
				607FACD41AFB9204008FA782 /* Info.plist */,
			);
			name = "Supporting Files";
			sourceTree = "<group>";
		};
		607FACF51AFB993E008FA782 /* Podspec Metadata */ = {
			isa = PBXGroup;
			children = (
				790E2C95DAEEFCC5990EEE22 /* ManaKit.podspec */,
				214271945F84D9EB3A6B8CF1 /* README.md */,
				F97030AAD27F370F0BC2219A /* LICENSE */,
			);
			name = "Podspec Metadata";
			sourceTree = "<group>";
		};
		852FC860576265D199206F9C /* Frameworks */ = {
			isa = PBXGroup;
			children = (
				8B379AE223A58DAE005D0171 /* ManaKit.framework */,
				8B379AD523A58822005D0171 /* Kanna.framework */,
				8B379ABD23A58722005D0171 /* ManaKit.framework */,
				8B379AA523A58691005D0171 /* ManaKit.framework */,
				8B379AA623A58691005D0171 /* PromiseKit.framework */,
				8B379AA723A58691005D0171 /* SDWebImage.framework */,
				8B379AA823A58691005D0171 /* SSZipArchive.framework */,
				8B379AA923A58691005D0171 /* Sync.framework */,
				8B379A8523A585D5005D0171 /* FontAwesome_swift.framework */,
				8B379A8623A585D5005D0171 /* Kanna.framework */,
				8B379A8723A585D5005D0171 /* PromiseKit.framework */,
				8B379A8823A585D5005D0171 /* SSZipArchive.framework */,
				8B379A8923A585D5005D0171 /* Sync.framework */,
				8B379A6023A581E8005D0171 /* ManaKit.framework */,
				8B379A4C23A58175005D0171 /* ManaKit.framework */,
				D0DFAAD42C95E0F12AD65AE0 /* Pods_ManaKit_Example.framework */,
				FCC7ADEA511ED53E8B91659F /* Pods_ManaKit_ExampleTests.framework */,
				FB104CDA95D718A38F1B6D71 /* Pods_ManaKit_ExampleUITests.framework */,
			);
			name = Frameworks;
			sourceTree = "<group>";
		};
		8B421A07255A5BE100F7B8AE /* Rules */ = {
			isa = PBXGroup;
			children = (
				8B421A08255A5BFC00F7B8AE /* RulesView.swift */,
			);
			path = Rules;
			sourceTree = "<group>";
		};
		8B426106270FE87D000DC07D /* Old Code */ = {
			isa = PBXGroup;
			children = (
			);
			path = "Old Code";
			sourceTree = "<group>";
		};
		8B4EB8DF278B59700002922D /* Search */ = {
			isa = PBXGroup;
			children = (
				8B4EB8E0278B598E0002922D /* SearchView.swift */,
				8B4EB8E2278B59A40002922D /* SearchViewModel.swift */,
			);
			path = Search;
			sourceTree = "<group>";
		};
		8B4EB8E4278B63DE0002922D /* Common Views */ = {
			isa = PBXGroup;
			children = (
				8B4EB8E5278B63FC0002922D /* CardRowView.swift */,
				8B4EB8E7278B66690002922D /* SearchNavigation.swift */,
				8B17AA2B27E39702009471C5 /* LazyView.swift */,
			);
			path = "Common Views";
			sourceTree = "<group>";
		};
		8B70144523B425200097298B /* ManaKit_ExampleUITests */ = {
			isa = PBXGroup;
			children = (
				8B70144623B425200097298B /* ManaKit_ExampleUITests.swift */,
				8B70144823B425200097298B /* Info.plist */,
			);
			path = ManaKit_ExampleUITests;
			sourceTree = "<group>";
		};
		8B70145323B4252D0097298B /* ManaKit_ExampleTests */ = {
			isa = PBXGroup;
			children = (
				8B70145623B4252D0097298B /* Info.plist */,
				8BADF87927738186004271D7 /* APITest.swift */,
			);
			path = ManaKit_ExampleTests;
			sourceTree = "<group>";
		};
		8BFA8102277BC38D00335176 /* Experimental */ = {
			isa = PBXGroup;
			children = (
				8B4EB8EB278E647A0002922D /* AttributedText.swift */,
				8BC1A7A1277256BE00A2472C /* TestView.swift */,
				8BFA8103277BC3BB00335176 /* alignment-guides-tool.swift */,
				8BFA8105277BC3D100335176 /* AlignmentGuideView.swift */,
			);
			path = Experimental;
			sourceTree = "<group>";
		};
		E0A568417D1185DAEB2867C5 /* Pods */ = {
			isa = PBXGroup;
			children = (
				2C08B50C2491A80F0CAC98EC /* Pods-ManaKit_Example.debug.xcconfig */,
				F1DD25F0DFFC1B6C635F5A80 /* Pods-ManaKit_Example.release.xcconfig */,
				93DD4A131528B8734014057C /* Pods-ManaKit_ExampleTests.debug.xcconfig */,
				48171811C679DF9FC762D4AE /* Pods-ManaKit_ExampleTests.release.xcconfig */,
				19252A614489CA765518E798 /* Pods-ManaKit_ExampleUITests.debug.xcconfig */,
				B78937B8DAD1AD41B0361C9F /* Pods-ManaKit_ExampleUITests.release.xcconfig */,
			);
			path = Pods;
			sourceTree = "<group>";
		};
/* End PBXGroup section */

/* Begin PBXNativeTarget section */
		607FACCF1AFB9204008FA782 /* ManaKit_Example */ = {
			isa = PBXNativeTarget;
			buildConfigurationList = 607FACEF1AFB9204008FA782 /* Build configuration list for PBXNativeTarget "ManaKit_Example" */;
			buildPhases = (
				096135BA3D2CB47B0EC3DBF7 /* [CP] Check Pods Manifest.lock */,
				B3EBF6D20CD9784219F30988 /* [Amimono] Create filelist per architecture */,
				607FACCC1AFB9204008FA782 /* Sources */,
				607FACCD1AFB9204008FA782 /* Frameworks */,
				607FACCE1AFB9204008FA782 /* Resources */,
				8B379A8323A58568005D0171 /* Embed Frameworks */,
				C1A921B91DE73701C59F8E60 /* [CP] Embed Pods Frameworks */,
				06C27A9D063B8F3C9C5DF1F2 /* [CP] Copy Pods Resources */,
			);
			buildRules = (
			);
			dependencies = (
			);
			name = ManaKit_Example;
			productName = ManaKit;
			productReference = 607FACD01AFB9204008FA782 /* ManaKit_Example.app */;
			productType = "com.apple.product-type.application";
		};
		8B70144323B425200097298B /* ManaKit_ExampleUITests */ = {
			isa = PBXNativeTarget;
			buildConfigurationList = 8B70144B23B425200097298B /* Build configuration list for PBXNativeTarget "ManaKit_ExampleUITests" */;
			buildPhases = (
				5EC7833C67BB17B583D1C0D4 /* [CP] Check Pods Manifest.lock */,
				8B70144023B425200097298B /* Sources */,
				8B70144123B425200097298B /* Frameworks */,
				8B70144223B425200097298B /* Resources */,
				C2D4EE83A888957A6D21588B /* [CP] Embed Pods Frameworks */,
				7FEF5D31EE2ACF0B5682A472 /* [CP] Copy Pods Resources */,
			);
			buildRules = (
			);
			dependencies = (
				8B70144A23B425200097298B /* PBXTargetDependency */,
			);
			name = ManaKit_ExampleUITests;
			productName = ManaKit_ExampleUITests;
			productReference = 8B70144423B425200097298B /* ManaKit_ExampleUITests.xctest */;
			productType = "com.apple.product-type.bundle.ui-testing";
		};
		8B70145123B4252D0097298B /* ManaKit_ExampleTests */ = {
			isa = PBXNativeTarget;
			buildConfigurationList = 8B70145923B4252D0097298B /* Build configuration list for PBXNativeTarget "ManaKit_ExampleTests" */;
			buildPhases = (
				5A624E3ECF1DA4BAF2834390 /* [CP] Check Pods Manifest.lock */,
				8B70144E23B4252D0097298B /* Sources */,
				8B70144F23B4252D0097298B /* Frameworks */,
				8B70145023B4252D0097298B /* Resources */,
				6434837158DA0DA34D94C861 /* [CP] Embed Pods Frameworks */,
				C1BA90BFADB2E5532A0C574F /* [CP] Copy Pods Resources */,
			);
			buildRules = (
			);
			dependencies = (
				8B70145823B4252D0097298B /* PBXTargetDependency */,
			);
			name = ManaKit_ExampleTests;
			productName = ManaKit_ExampleTests;
			productReference = 8B70145223B4252D0097298B /* ManaKit_ExampleTests.xctest */;
			productType = "com.apple.product-type.bundle.unit-test";
		};
/* End PBXNativeTarget section */

/* Begin PBXProject section */
		607FACC81AFB9204008FA782 /* Project object */ = {
			isa = PBXProject;
			attributes = {
				LastSwiftUpdateCheck = 1120;
				LastUpgradeCheck = 1220;
				ORGANIZATIONNAME = CocoaPods;
				TargetAttributes = {
					607FACCF1AFB9204008FA782 = {
						CreatedOnToolsVersion = 6.3.1;
						LastSwiftMigration = 1000;
						ProvisioningStyle = Manual;
					};
					8B70144323B425200097298B = {
						CreatedOnToolsVersion = 11.2.1;
						ProvisioningStyle = Automatic;
						TestTargetID = 607FACCF1AFB9204008FA782;
					};
					8B70145123B4252D0097298B = {
						CreatedOnToolsVersion = 11.2.1;
						ProvisioningStyle = Automatic;
					};
				};
			};
			buildConfigurationList = 607FACCB1AFB9204008FA782 /* Build configuration list for PBXProject "ManaKit" */;
			compatibilityVersion = "Xcode 3.2";
			developmentRegion = en;
			hasScannedForEncodings = 0;
			knownRegions = (
				en,
				Base,
			);
			mainGroup = 607FACC71AFB9204008FA782;
			productRefGroup = 607FACD11AFB9204008FA782 /* Products */;
			projectDirPath = "";
			projectRoot = "";
			targets = (
				607FACCF1AFB9204008FA782 /* ManaKit_Example */,
				8B70144323B425200097298B /* ManaKit_ExampleUITests */,
				8B70145123B4252D0097298B /* ManaKit_ExampleTests */,
			);
		};
/* End PBXProject section */

/* Begin PBXResourcesBuildPhase section */
		607FACCE1AFB9204008FA782 /* Resources */ = {
			isa = PBXResourcesBuildPhase;
			buildActionMask = 2147483647;
			files = (
				607FACDB1AFB9204008FA782 /* Main.storyboard in Resources */,
				8B626D912403094C00972EED /* CHANGELOG.md in Resources */,
				8B379A3C23A57DFE005D0171 /* Images.xcassets in Resources */,
				607FACE01AFB9204008FA782 /* LaunchScreen.xib in Resources */,
				115151B91F1E24130061C270 /* data in Resources */,
			);
			runOnlyForDeploymentPostprocessing = 0;
		};
		8B70144223B425200097298B /* Resources */ = {
			isa = PBXResourcesBuildPhase;
			buildActionMask = 2147483647;
			files = (
			);
			runOnlyForDeploymentPostprocessing = 0;
		};
		8B70145023B4252D0097298B /* Resources */ = {
			isa = PBXResourcesBuildPhase;
			buildActionMask = 2147483647;
			files = (
			);
			runOnlyForDeploymentPostprocessing = 0;
		};
/* End PBXResourcesBuildPhase section */

/* Begin PBXShellScriptBuildPhase section */
		06C27A9D063B8F3C9C5DF1F2 /* [CP] Copy Pods Resources */ = {
			isa = PBXShellScriptBuildPhase;
			buildActionMask = 2147483647;
			files = (
			);
			inputPaths = (
				"${PODS_ROOT}/Target Support Files/Pods-ManaKit_Example/Pods-ManaKit_Example-resources.sh",
				"${PODS_CONFIGURATION_BUILD_DIR}/ManaKit/ManaKit.bundle",
			);
			name = "[CP] Copy Pods Resources";
			outputPaths = (
				"${TARGET_BUILD_DIR}/${UNLOCALIZED_RESOURCES_FOLDER_PATH}/ManaKit.bundle",
			);
			runOnlyForDeploymentPostprocessing = 0;
			shellPath = /bin/sh;
			shellScript = "\"${PODS_ROOT}/Target Support Files/Pods-ManaKit_Example/Pods-ManaKit_Example-resources.sh\"\n";
			showEnvVarsInLog = 0;
		};
		096135BA3D2CB47B0EC3DBF7 /* [CP] Check Pods Manifest.lock */ = {
			isa = PBXShellScriptBuildPhase;
			buildActionMask = 2147483647;
			files = (
			);
			inputFileListPaths = (
			);
			inputPaths = (
				"${PODS_PODFILE_DIR_PATH}/Podfile.lock",
				"${PODS_ROOT}/Manifest.lock",
			);
			name = "[CP] Check Pods Manifest.lock";
			outputFileListPaths = (
			);
			outputPaths = (
				"$(DERIVED_FILE_DIR)/Pods-ManaKit_Example-checkManifestLockResult.txt",
			);
			runOnlyForDeploymentPostprocessing = 0;
			shellPath = /bin/sh;
			shellScript = "diff \"${PODS_PODFILE_DIR_PATH}/Podfile.lock\" \"${PODS_ROOT}/Manifest.lock\" > /dev/null\nif [ $? != 0 ] ; then\n    # print error to STDERR\n    echo \"error: The sandbox is not in sync with the Podfile.lock. Run 'pod install' or update your CocoaPods installation.\" >&2\n    exit 1\nfi\n# This output is used by Xcode 'outputs' to avoid re-running this script phase.\necho \"SUCCESS\" > \"${SCRIPT_OUTPUT_FILE_0}\"\n";
			showEnvVarsInLog = 0;
		};
		5A624E3ECF1DA4BAF2834390 /* [CP] Check Pods Manifest.lock */ = {
			isa = PBXShellScriptBuildPhase;
			buildActionMask = 2147483647;
			files = (
			);
			inputFileListPaths = (
			);
			inputPaths = (
				"${PODS_PODFILE_DIR_PATH}/Podfile.lock",
				"${PODS_ROOT}/Manifest.lock",
			);
			name = "[CP] Check Pods Manifest.lock";
			outputFileListPaths = (
			);
			outputPaths = (
				"$(DERIVED_FILE_DIR)/Pods-ManaKit_ExampleTests-checkManifestLockResult.txt",
			);
			runOnlyForDeploymentPostprocessing = 0;
			shellPath = /bin/sh;
			shellScript = "diff \"${PODS_PODFILE_DIR_PATH}/Podfile.lock\" \"${PODS_ROOT}/Manifest.lock\" > /dev/null\nif [ $? != 0 ] ; then\n    # print error to STDERR\n    echo \"error: The sandbox is not in sync with the Podfile.lock. Run 'pod install' or update your CocoaPods installation.\" >&2\n    exit 1\nfi\n# This output is used by Xcode 'outputs' to avoid re-running this script phase.\necho \"SUCCESS\" > \"${SCRIPT_OUTPUT_FILE_0}\"\n";
			showEnvVarsInLog = 0;
		};
		5EC7833C67BB17B583D1C0D4 /* [CP] Check Pods Manifest.lock */ = {
			isa = PBXShellScriptBuildPhase;
			buildActionMask = 2147483647;
			files = (
			);
			inputFileListPaths = (
			);
			inputPaths = (
				"${PODS_PODFILE_DIR_PATH}/Podfile.lock",
				"${PODS_ROOT}/Manifest.lock",
			);
			name = "[CP] Check Pods Manifest.lock";
			outputFileListPaths = (
			);
			outputPaths = (
				"$(DERIVED_FILE_DIR)/Pods-ManaKit_ExampleUITests-checkManifestLockResult.txt",
			);
			runOnlyForDeploymentPostprocessing = 0;
			shellPath = /bin/sh;
			shellScript = "diff \"${PODS_PODFILE_DIR_PATH}/Podfile.lock\" \"${PODS_ROOT}/Manifest.lock\" > /dev/null\nif [ $? != 0 ] ; then\n    # print error to STDERR\n    echo \"error: The sandbox is not in sync with the Podfile.lock. Run 'pod install' or update your CocoaPods installation.\" >&2\n    exit 1\nfi\n# This output is used by Xcode 'outputs' to avoid re-running this script phase.\necho \"SUCCESS\" > \"${SCRIPT_OUTPUT_FILE_0}\"\n";
			showEnvVarsInLog = 0;
		};
		6434837158DA0DA34D94C861 /* [CP] Embed Pods Frameworks */ = {
			isa = PBXShellScriptBuildPhase;
			buildActionMask = 2147483647;
			files = (
			);
			inputPaths = (
				"${PODS_ROOT}/Target Support Files/Pods-ManaKit_ExampleTests/Pods-ManaKit_ExampleTests-frameworks.sh",
				"${BUILT_PRODUCTS_DIR}/Realm/Realm.framework",
				"${BUILT_PRODUCTS_DIR}/RealmSwift/RealmSwift.framework",
				"${BUILT_PRODUCTS_DIR}/SDWebImage/SDWebImage.framework",
				"${BUILT_PRODUCTS_DIR}/SDWebImageSwiftUI/SDWebImageSwiftUI.framework",
			);
			name = "[CP] Embed Pods Frameworks";
			outputPaths = (
				"${TARGET_BUILD_DIR}/${FRAMEWORKS_FOLDER_PATH}/Realm.framework",
				"${TARGET_BUILD_DIR}/${FRAMEWORKS_FOLDER_PATH}/RealmSwift.framework",
				"${TARGET_BUILD_DIR}/${FRAMEWORKS_FOLDER_PATH}/SDWebImage.framework",
				"${TARGET_BUILD_DIR}/${FRAMEWORKS_FOLDER_PATH}/SDWebImageSwiftUI.framework",
			);
			runOnlyForDeploymentPostprocessing = 0;
			shellPath = /bin/sh;
			shellScript = "\"${PODS_ROOT}/Target Support Files/Pods-ManaKit_ExampleTests/Pods-ManaKit_ExampleTests-frameworks.sh\"\n";
			showEnvVarsInLog = 0;
		};
		7FEF5D31EE2ACF0B5682A472 /* [CP] Copy Pods Resources */ = {
			isa = PBXShellScriptBuildPhase;
			buildActionMask = 2147483647;
			files = (
			);
			inputPaths = (
				"${PODS_ROOT}/Target Support Files/Pods-ManaKit_ExampleUITests/Pods-ManaKit_ExampleUITests-resources.sh",
				"${PODS_CONFIGURATION_BUILD_DIR}/ManaKit/ManaKit.bundle",
			);
			name = "[CP] Copy Pods Resources";
			outputPaths = (
				"${TARGET_BUILD_DIR}/${UNLOCALIZED_RESOURCES_FOLDER_PATH}/ManaKit.bundle",
			);
			runOnlyForDeploymentPostprocessing = 0;
			shellPath = /bin/sh;
			shellScript = "\"${PODS_ROOT}/Target Support Files/Pods-ManaKit_ExampleUITests/Pods-ManaKit_ExampleUITests-resources.sh\"\n";
			showEnvVarsInLog = 0;
		};
		B3EBF6D20CD9784219F30988 /* [Amimono] Create filelist per architecture */ = {
			isa = PBXShellScriptBuildPhase;
			buildActionMask = 2147483647;
			files = (
			);
			inputFileListPaths = (
			);
			inputPaths = (
			);
			name = "[Amimono] Create filelist per architecture";
			outputFileListPaths = (
			);
			outputPaths = (
			);
			runOnlyForDeploymentPostprocessing = 0;
			shellPath = /bin/bash;
			shellScript = "declare -a DEPENDENCIES=('FontAwesome.swift' 'Kanna-iOS' 'KeychainAccess-iOS' 'MBProgressHUD' 'ManaKit-iOS' 'PromiseKit' 'SDWebImage-iOS' 'SSZipArchive-iOS' 'Sync-iOS');\nIFS=\" \" read -r -a SPLIT <<< \"$ARCHS\"\nfor ARCH in \"${SPLIT[@]}\"; do\n  cd \"$OBJROOT/Pods.build\"\n  filelist=\"\"\n  for dependency in \"${DEPENDENCIES[@]}\"; do\n    path=\"${CONFIGURATION}${EFFECTIVE_PLATFORM_NAME}/${dependency}.build/Objects-normal/${ARCH}\"\n    if [ -d \"$path\" ]; then\n      search_path=\"$path/*.o\"\n      for obj_file in $search_path; do\n        filelist+=\"${OBJROOT}/Pods.build/${obj_file}\"\n        filelist+=$'\\n'\n      done\n    fi\n  done\n  filelist=${filelist%$'\\n'}\n  echo \"$filelist\" > \"${CONFIGURATION}${EFFECTIVE_PLATFORM_NAME}-${TARGET_NAME}-${ARCH}.objects.filelist\"\ndone\n";
		};
		C1A921B91DE73701C59F8E60 /* [CP] Embed Pods Frameworks */ = {
			isa = PBXShellScriptBuildPhase;
			buildActionMask = 2147483647;
			files = (
			);
			inputPaths = (
				"${PODS_ROOT}/Target Support Files/Pods-ManaKit_Example/Pods-ManaKit_Example-frameworks.sh",
				"${BUILT_PRODUCTS_DIR}/Realm/Realm.framework",
				"${BUILT_PRODUCTS_DIR}/RealmSwift/RealmSwift.framework",
				"${BUILT_PRODUCTS_DIR}/SDWebImage/SDWebImage.framework",
				"${BUILT_PRODUCTS_DIR}/SDWebImageSwiftUI/SDWebImageSwiftUI.framework",
			);
			name = "[CP] Embed Pods Frameworks";
			outputPaths = (
				"${TARGET_BUILD_DIR}/${FRAMEWORKS_FOLDER_PATH}/Realm.framework",
				"${TARGET_BUILD_DIR}/${FRAMEWORKS_FOLDER_PATH}/RealmSwift.framework",
				"${TARGET_BUILD_DIR}/${FRAMEWORKS_FOLDER_PATH}/SDWebImage.framework",
				"${TARGET_BUILD_DIR}/${FRAMEWORKS_FOLDER_PATH}/SDWebImageSwiftUI.framework",
			);
			runOnlyForDeploymentPostprocessing = 0;
			shellPath = /bin/sh;
			shellScript = "\"${PODS_ROOT}/Target Support Files/Pods-ManaKit_Example/Pods-ManaKit_Example-frameworks.sh\"\n";
			showEnvVarsInLog = 0;
		};
		C1BA90BFADB2E5532A0C574F /* [CP] Copy Pods Resources */ = {
			isa = PBXShellScriptBuildPhase;
			buildActionMask = 2147483647;
			files = (
			);
			inputPaths = (
				"${PODS_ROOT}/Target Support Files/Pods-ManaKit_ExampleTests/Pods-ManaKit_ExampleTests-resources.sh",
				"${PODS_CONFIGURATION_BUILD_DIR}/ManaKit/ManaKit.bundle",
			);
			name = "[CP] Copy Pods Resources";
			outputPaths = (
				"${TARGET_BUILD_DIR}/${UNLOCALIZED_RESOURCES_FOLDER_PATH}/ManaKit.bundle",
			);
			runOnlyForDeploymentPostprocessing = 0;
			shellPath = /bin/sh;
			shellScript = "\"${PODS_ROOT}/Target Support Files/Pods-ManaKit_ExampleTests/Pods-ManaKit_ExampleTests-resources.sh\"\n";
			showEnvVarsInLog = 0;
		};
		C2D4EE83A888957A6D21588B /* [CP] Embed Pods Frameworks */ = {
			isa = PBXShellScriptBuildPhase;
			buildActionMask = 2147483647;
			files = (
			);
			inputPaths = (
				"${PODS_ROOT}/Target Support Files/Pods-ManaKit_ExampleUITests/Pods-ManaKit_ExampleUITests-frameworks.sh",
				"${BUILT_PRODUCTS_DIR}/Realm/Realm.framework",
				"${BUILT_PRODUCTS_DIR}/RealmSwift/RealmSwift.framework",
				"${BUILT_PRODUCTS_DIR}/SDWebImage/SDWebImage.framework",
				"${BUILT_PRODUCTS_DIR}/SDWebImageSwiftUI/SDWebImageSwiftUI.framework",
			);
			name = "[CP] Embed Pods Frameworks";
			outputPaths = (
				"${TARGET_BUILD_DIR}/${FRAMEWORKS_FOLDER_PATH}/Realm.framework",
				"${TARGET_BUILD_DIR}/${FRAMEWORKS_FOLDER_PATH}/RealmSwift.framework",
				"${TARGET_BUILD_DIR}/${FRAMEWORKS_FOLDER_PATH}/SDWebImage.framework",
				"${TARGET_BUILD_DIR}/${FRAMEWORKS_FOLDER_PATH}/SDWebImageSwiftUI.framework",
			);
			runOnlyForDeploymentPostprocessing = 0;
			shellPath = /bin/sh;
			shellScript = "\"${PODS_ROOT}/Target Support Files/Pods-ManaKit_ExampleUITests/Pods-ManaKit_ExampleUITests-frameworks.sh\"\n";
			showEnvVarsInLog = 0;
		};
/* End PBXShellScriptBuildPhase section */

/* Begin PBXSourcesBuildPhase section */
		607FACCC1AFB9204008FA782 /* Sources */ = {
			isa = PBXSourcesBuildPhase;
			buildActionMask = 2147483647;
			files = (
				8BFA8108277BD44300335176 /* CardView.swift in Sources */,
				8B42610E270FF651000DC07D /* MockAPI.swift in Sources */,
				8B4219FE255A5A0800F7B8AE /* MainView.swift in Sources */,
				8B426108270FE8A1000DC07D /* SetsViewModel.swift in Sources */,
				607FACD61AFB9204008FA782 /* AppDelegate.swift in Sources */,
				8B4EB8E8278B66690002922D /* SearchNavigation.swift in Sources */,
				8B17AA2C27E39702009471C5 /* LazyView.swift in Sources */,
				8BC1A7A4277273F500A2472C /* SetView.swift in Sources */,
				8BFA8106277BC3D100335176 /* AlignmentGuideView.swift in Sources */,
				8B4EB8EC278E647A0002922D /* AttributedText.swift in Sources */,
				8BC1A7A62772AA4E00A2472C /* SetViewModel.swift in Sources */,
				8BC1A7A82772D86B00A2472C /* ActivityIndicatorView.swift in Sources */,
				8BC1A7A2277256BE00A2472C /* TestView.swift in Sources */,
				8B421A04255A5BD800F7B8AE /* SetsView.swift in Sources */,
				8B4219F6255A597C00F7B8AE /* SceneDelegate.swift in Sources */,
				8B4EB8E1278B598E0002922D /* SearchView.swift in Sources */,
				8BFA8104277BC3BB00335176 /* alignment-guides-tool.swift in Sources */,
				8B4EB8E3278B59A40002922D /* SearchViewModel.swift in Sources */,
				8B4EB8E6278B63FC0002922D /* CardRowView.swift in Sources */,
				8B421A09255A5BFC00F7B8AE /* RulesView.swift in Sources */,
				8BFA810A277BD45600335176 /* CardViewModel.swift in Sources */,
			);
			runOnlyForDeploymentPostprocessing = 0;
		};
		8B70144023B425200097298B /* Sources */ = {
			isa = PBXSourcesBuildPhase;
			buildActionMask = 2147483647;
			files = (
				8B17AA2D27E39702009471C5 /* LazyView.swift in Sources */,
				8B70144723B425200097298B /* ManaKit_ExampleUITests.swift in Sources */,
				8B426109270FE8A1000DC07D /* SetsViewModel.swift in Sources */,
			);
			runOnlyForDeploymentPostprocessing = 0;
		};
		8B70144E23B4252D0097298B /* Sources */ = {
			isa = PBXSourcesBuildPhase;
			buildActionMask = 2147483647;
			files = (
				8B17AA2E27E39702009471C5 /* LazyView.swift in Sources */,
				8B42610A270FE8A1000DC07D /* SetsViewModel.swift in Sources */,
				8BADF87A27738186004271D7 /* APITest.swift in Sources */,
			);
			runOnlyForDeploymentPostprocessing = 0;
		};
/* End PBXSourcesBuildPhase section */

/* Begin PBXTargetDependency section */
		8B70144A23B425200097298B /* PBXTargetDependency */ = {
			isa = PBXTargetDependency;
			target = 607FACCF1AFB9204008FA782 /* ManaKit_Example */;
			targetProxy = 8B70144923B425200097298B /* PBXContainerItemProxy */;
		};
		8B70145823B4252D0097298B /* PBXTargetDependency */ = {
			isa = PBXTargetDependency;
			target = 607FACCF1AFB9204008FA782 /* ManaKit_Example */;
			targetProxy = 8B70145723B4252D0097298B /* PBXContainerItemProxy */;
		};
/* End PBXTargetDependency section */

/* Begin PBXVariantGroup section */
		607FACD91AFB9204008FA782 /* Main.storyboard */ = {
			isa = PBXVariantGroup;
			children = (
				607FACDA1AFB9204008FA782 /* Base */,
			);
			name = Main.storyboard;
			sourceTree = "<group>";
		};
		607FACDE1AFB9204008FA782 /* LaunchScreen.xib */ = {
			isa = PBXVariantGroup;
			children = (
				607FACDF1AFB9204008FA782 /* Base */,
			);
			name = LaunchScreen.xib;
			sourceTree = "<group>";
		};
/* End PBXVariantGroup section */

/* Begin XCBuildConfiguration section */
		607FACED1AFB9204008FA782 /* Debug */ = {
			isa = XCBuildConfiguration;
			buildSettings = {
				ALWAYS_SEARCH_USER_PATHS = NO;
				APPLY_RULES_IN_COPY_FILES = NO;
				CLANG_CXX_LANGUAGE_STANDARD = "gnu++0x";
				CLANG_CXX_LIBRARY = "libc++";
				CLANG_ENABLE_MODULES = YES;
				CLANG_ENABLE_OBJC_ARC = YES;
				CLANG_WARN_BLOCK_CAPTURE_AUTORELEASING = YES;
				CLANG_WARN_BOOL_CONVERSION = YES;
				CLANG_WARN_COMMA = YES;
				CLANG_WARN_CONSTANT_CONVERSION = YES;
				CLANG_WARN_DEPRECATED_OBJC_IMPLEMENTATIONS = YES;
				CLANG_WARN_DIRECT_OBJC_ISA_USAGE = YES_ERROR;
				CLANG_WARN_EMPTY_BODY = YES;
				CLANG_WARN_ENUM_CONVERSION = YES;
				CLANG_WARN_INFINITE_RECURSION = YES;
				CLANG_WARN_INT_CONVERSION = YES;
				CLANG_WARN_NON_LITERAL_NULL_CONVERSION = YES;
				CLANG_WARN_OBJC_IMPLICIT_RETAIN_SELF = YES;
				CLANG_WARN_OBJC_LITERAL_CONVERSION = YES;
				CLANG_WARN_OBJC_ROOT_CLASS = YES_ERROR;
				CLANG_WARN_QUOTED_INCLUDE_IN_FRAMEWORK_HEADER = YES;
				CLANG_WARN_RANGE_LOOP_ANALYSIS = YES;
				CLANG_WARN_STRICT_PROTOTYPES = YES;
				CLANG_WARN_SUSPICIOUS_MOVE = YES;
				CLANG_WARN_UNREACHABLE_CODE = YES;
				CLANG_WARN__DUPLICATE_METHOD_MATCH = YES;
				"CODE_SIGN_IDENTITY[sdk=iphoneos*]" = "iPhone Developer";
				COPY_PHASE_STRIP = NO;
				DEBUG_INFORMATION_FORMAT = "dwarf-with-dsym";
				ENABLE_STRICT_OBJC_MSGSEND = YES;
				ENABLE_TESTABILITY = YES;
				GCC_C_LANGUAGE_STANDARD = gnu99;
				GCC_DYNAMIC_NO_PIC = NO;
				GCC_NO_COMMON_BLOCKS = YES;
				GCC_OPTIMIZATION_LEVEL = 0;
				GCC_PREPROCESSOR_DEFINITIONS = (
					"DEBUG=1",
					"$(inherited)",
				);
				GCC_SYMBOLS_PRIVATE_EXTERN = NO;
				GCC_WARN_64_TO_32_BIT_CONVERSION = YES;
				GCC_WARN_ABOUT_RETURN_TYPE = YES_ERROR;
				GCC_WARN_UNDECLARED_SELECTOR = YES;
				GCC_WARN_UNINITIALIZED_AUTOS = YES_AGGRESSIVE;
				GCC_WARN_UNUSED_FUNCTION = YES;
				GCC_WARN_UNUSED_VARIABLE = YES;
				IPHONEOS_DEPLOYMENT_TARGET = 15.0;
				LD_RUNPATH_SEARCH_PATHS = "@executable_path/../Pods";
				MACOSX_DEPLOYMENT_TARGET = 10.15;
				MTL_ENABLE_DEBUG_INFO = YES;
				ONLY_ACTIVE_ARCH = YES;
				SDKROOT = iphoneos;
				SWIFT_OPTIMIZATION_LEVEL = "-Onone";
				SWIFT_VERSION = 5.0;
			};
			name = Debug;
		};
		607FACEE1AFB9204008FA782 /* Release */ = {
			isa = XCBuildConfiguration;
			buildSettings = {
				ALWAYS_SEARCH_USER_PATHS = NO;
				APPLY_RULES_IN_COPY_FILES = NO;
				CLANG_CXX_LANGUAGE_STANDARD = "gnu++0x";
				CLANG_CXX_LIBRARY = "libc++";
				CLANG_ENABLE_MODULES = YES;
				CLANG_ENABLE_OBJC_ARC = YES;
				CLANG_WARN_BLOCK_CAPTURE_AUTORELEASING = YES;
				CLANG_WARN_BOOL_CONVERSION = YES;
				CLANG_WARN_COMMA = YES;
				CLANG_WARN_CONSTANT_CONVERSION = YES;
				CLANG_WARN_DEPRECATED_OBJC_IMPLEMENTATIONS = YES;
				CLANG_WARN_DIRECT_OBJC_ISA_USAGE = YES_ERROR;
				CLANG_WARN_EMPTY_BODY = YES;
				CLANG_WARN_ENUM_CONVERSION = YES;
				CLANG_WARN_INFINITE_RECURSION = YES;
				CLANG_WARN_INT_CONVERSION = YES;
				CLANG_WARN_NON_LITERAL_NULL_CONVERSION = YES;
				CLANG_WARN_OBJC_IMPLICIT_RETAIN_SELF = YES;
				CLANG_WARN_OBJC_LITERAL_CONVERSION = YES;
				CLANG_WARN_OBJC_ROOT_CLASS = YES_ERROR;
				CLANG_WARN_QUOTED_INCLUDE_IN_FRAMEWORK_HEADER = YES;
				CLANG_WARN_RANGE_LOOP_ANALYSIS = YES;
				CLANG_WARN_STRICT_PROTOTYPES = YES;
				CLANG_WARN_SUSPICIOUS_MOVE = YES;
				CLANG_WARN_UNREACHABLE_CODE = YES;
				CLANG_WARN__DUPLICATE_METHOD_MATCH = YES;
				"CODE_SIGN_IDENTITY[sdk=iphoneos*]" = "iPhone Developer";
				COPY_PHASE_STRIP = NO;
				DEBUG_INFORMATION_FORMAT = "dwarf-with-dsym";
				ENABLE_NS_ASSERTIONS = NO;
				ENABLE_STRICT_OBJC_MSGSEND = YES;
				GCC_C_LANGUAGE_STANDARD = gnu99;
				GCC_NO_COMMON_BLOCKS = YES;
				GCC_WARN_64_TO_32_BIT_CONVERSION = YES;
				GCC_WARN_ABOUT_RETURN_TYPE = YES_ERROR;
				GCC_WARN_UNDECLARED_SELECTOR = YES;
				GCC_WARN_UNINITIALIZED_AUTOS = YES_AGGRESSIVE;
				GCC_WARN_UNUSED_FUNCTION = YES;
				GCC_WARN_UNUSED_VARIABLE = YES;
				IPHONEOS_DEPLOYMENT_TARGET = 15.0;
				LD_RUNPATH_SEARCH_PATHS = "@executable_path/../Pods";
				MACOSX_DEPLOYMENT_TARGET = 10.15;
				MTL_ENABLE_DEBUG_INFO = NO;
				SDKROOT = iphoneos;
				SWIFT_OPTIMIZATION_LEVEL = "-Owholemodule";
				SWIFT_VERSION = 5.0;
				VALIDATE_PRODUCT = YES;
			};
			name = Release;
		};
		607FACF01AFB9204008FA782 /* Debug */ = {
			isa = XCBuildConfiguration;
			baseConfigurationReference = 2C08B50C2491A80F0CAC98EC /* Pods-ManaKit_Example.debug.xcconfig */;
			buildSettings = {
				ASSETCATALOG_COMPILER_APPICON_NAME = AppIcon;
				CLANG_ENABLE_MODULES = YES;
				CODE_SIGN_ENTITLEMENTS = ManaKit_Example.entitlements;
				CODE_SIGN_IDENTITY = "Apple Development";
				CODE_SIGN_STYLE = Manual;
				DEVELOPMENT_TEAM = "";
				INFOPLIST_FILE = ManaKit/Info.plist;
				IPHONEOS_DEPLOYMENT_TARGET = 15.0;
				LD_RUNPATH_SEARCH_PATHS = "$(inherited) @executable_path/Frameworks";
				MODULE_NAME = ExampleApp;
				PRODUCT_BUNDLE_IDENTIFIER = "org.cocoapods.demo.$(PRODUCT_NAME:rfc1034identifier)";
				PRODUCT_NAME = "$(TARGET_NAME)";
				PROVISIONING_PROFILE_SPECIFIER = "";
				SUPPORTS_MACCATALYST = NO;
				SWIFT_OBJC_BRIDGING_HEADER = "";
				SWIFT_OPTIMIZATION_LEVEL = "-Onone";
				SWIFT_SWIFT3_OBJC_INFERENCE = Default;
				SWIFT_VERSION = 5.0;
				TARGETED_DEVICE_FAMILY = "1,2";
			};
			name = Debug;
		};
		607FACF11AFB9204008FA782 /* Release */ = {
			isa = XCBuildConfiguration;
			baseConfigurationReference = F1DD25F0DFFC1B6C635F5A80 /* Pods-ManaKit_Example.release.xcconfig */;
			buildSettings = {
				ASSETCATALOG_COMPILER_APPICON_NAME = AppIcon;
				CLANG_ENABLE_MODULES = YES;
				CODE_SIGN_ENTITLEMENTS = ManaKit_Example.entitlements;
				CODE_SIGN_IDENTITY = "Apple Development";
				CODE_SIGN_STYLE = Manual;
				DEVELOPMENT_TEAM = "";
				INFOPLIST_FILE = ManaKit/Info.plist;
				IPHONEOS_DEPLOYMENT_TARGET = 15.0;
				LD_RUNPATH_SEARCH_PATHS = "$(inherited) @executable_path/Frameworks";
				MODULE_NAME = ExampleApp;
				PRODUCT_BUNDLE_IDENTIFIER = "org.cocoapods.demo.$(PRODUCT_NAME:rfc1034identifier)";
				PRODUCT_NAME = "$(TARGET_NAME)";
				PROVISIONING_PROFILE_SPECIFIER = "";
				SUPPORTS_MACCATALYST = NO;
				SWIFT_OBJC_BRIDGING_HEADER = "";
				SWIFT_SWIFT3_OBJC_INFERENCE = Default;
				SWIFT_VERSION = 5.0;
				TARGETED_DEVICE_FAMILY = "1,2";
			};
			name = Release;
		};
		8B70144C23B425200097298B /* Debug */ = {
			isa = XCBuildConfiguration;
			baseConfigurationReference = 19252A614489CA765518E798 /* Pods-ManaKit_ExampleUITests.debug.xcconfig */;
			buildSettings = {
				CLANG_ANALYZER_NONNULL = YES;
				CLANG_ANALYZER_NUMBER_OBJECT_CONVERSION = YES_AGGRESSIVE;
				CLANG_CXX_LANGUAGE_STANDARD = "gnu++14";
				CLANG_ENABLE_OBJC_WEAK = YES;
				CLANG_WARN_DOCUMENTATION_COMMENTS = YES;
				CLANG_WARN_UNGUARDED_AVAILABILITY = YES_AGGRESSIVE;
				CODE_SIGN_STYLE = Automatic;
				DEBUG_INFORMATION_FORMAT = dwarf;
				GCC_C_LANGUAGE_STANDARD = gnu11;
				INFOPLIST_FILE = ManaKit_ExampleUITests/Info.plist;
				IPHONEOS_DEPLOYMENT_TARGET = 15.0;
				LD_RUNPATH_SEARCH_PATHS = "$(inherited) @executable_path/Frameworks @loader_path/Frameworks";
				MTL_ENABLE_DEBUG_INFO = INCLUDE_SOURCE;
				MTL_FAST_MATH = YES;
				PRODUCT_BUNDLE_IDENTIFIER = "com.managuide.ManaKit.ManaKit-ExampleUITests";
				PRODUCT_NAME = "$(TARGET_NAME)";
				SWIFT_ACTIVE_COMPILATION_CONDITIONS = DEBUG;
				SWIFT_VERSION = 5.0;
				TARGETED_DEVICE_FAMILY = "1,2";
				TEST_TARGET_NAME = ManaKit_Example;
			};
			name = Debug;
		};
		8B70144D23B425200097298B /* Release */ = {
			isa = XCBuildConfiguration;
			baseConfigurationReference = B78937B8DAD1AD41B0361C9F /* Pods-ManaKit_ExampleUITests.release.xcconfig */;
			buildSettings = {
				CLANG_ANALYZER_NONNULL = YES;
				CLANG_ANALYZER_NUMBER_OBJECT_CONVERSION = YES_AGGRESSIVE;
				CLANG_CXX_LANGUAGE_STANDARD = "gnu++14";
				CLANG_ENABLE_OBJC_WEAK = YES;
				CLANG_WARN_DOCUMENTATION_COMMENTS = YES;
				CLANG_WARN_UNGUARDED_AVAILABILITY = YES_AGGRESSIVE;
				CODE_SIGN_STYLE = Automatic;
				GCC_C_LANGUAGE_STANDARD = gnu11;
				INFOPLIST_FILE = ManaKit_ExampleUITests/Info.plist;
				IPHONEOS_DEPLOYMENT_TARGET = 15.0;
				LD_RUNPATH_SEARCH_PATHS = "$(inherited) @executable_path/Frameworks @loader_path/Frameworks";
				MTL_FAST_MATH = YES;
				PRODUCT_BUNDLE_IDENTIFIER = "com.managuide.ManaKit.ManaKit-ExampleUITests";
				PRODUCT_NAME = "$(TARGET_NAME)";
				SWIFT_VERSION = 5.0;
				TARGETED_DEVICE_FAMILY = "1,2";
				TEST_TARGET_NAME = ManaKit_Example;
			};
			name = Release;
		};
		8B70145A23B4252D0097298B /* Debug */ = {
			isa = XCBuildConfiguration;
			baseConfigurationReference = 93DD4A131528B8734014057C /* Pods-ManaKit_ExampleTests.debug.xcconfig */;
			buildSettings = {
				CLANG_ANALYZER_NONNULL = YES;
				CLANG_ANALYZER_NUMBER_OBJECT_CONVERSION = YES_AGGRESSIVE;
				CLANG_CXX_LANGUAGE_STANDARD = "gnu++14";
				CLANG_ENABLE_OBJC_WEAK = YES;
				CLANG_WARN_DOCUMENTATION_COMMENTS = YES;
				CLANG_WARN_UNGUARDED_AVAILABILITY = YES_AGGRESSIVE;
				CODE_SIGN_STYLE = Automatic;
				DEBUG_INFORMATION_FORMAT = dwarf;
				GCC_C_LANGUAGE_STANDARD = gnu11;
				INFOPLIST_FILE = ManaKit_ExampleTests/Info.plist;
				IPHONEOS_DEPLOYMENT_TARGET = 15.0;
				LD_RUNPATH_SEARCH_PATHS = "$(inherited) @executable_path/Frameworks @loader_path/Frameworks";
				MTL_ENABLE_DEBUG_INFO = INCLUDE_SOURCE;
				MTL_FAST_MATH = YES;
				PRODUCT_BUNDLE_IDENTIFIER = "com.managuide.ManaKit.ManaKit-ExampleTests";
				PRODUCT_NAME = "$(TARGET_NAME)";
				SWIFT_ACTIVE_COMPILATION_CONDITIONS = DEBUG;
				SWIFT_VERSION = 5.0;
				TARGETED_DEVICE_FAMILY = "1,2";
			};
			name = Debug;
		};
		8B70145B23B4252D0097298B /* Release */ = {
			isa = XCBuildConfiguration;
			baseConfigurationReference = 48171811C679DF9FC762D4AE /* Pods-ManaKit_ExampleTests.release.xcconfig */;
			buildSettings = {
				CLANG_ANALYZER_NONNULL = YES;
				CLANG_ANALYZER_NUMBER_OBJECT_CONVERSION = YES_AGGRESSIVE;
				CLANG_CXX_LANGUAGE_STANDARD = "gnu++14";
				CLANG_ENABLE_OBJC_WEAK = YES;
				CLANG_WARN_DOCUMENTATION_COMMENTS = YES;
				CLANG_WARN_UNGUARDED_AVAILABILITY = YES_AGGRESSIVE;
				CODE_SIGN_STYLE = Automatic;
				GCC_C_LANGUAGE_STANDARD = gnu11;
				INFOPLIST_FILE = ManaKit_ExampleTests/Info.plist;
				IPHONEOS_DEPLOYMENT_TARGET = 15.0;
				LD_RUNPATH_SEARCH_PATHS = "$(inherited) @executable_path/Frameworks @loader_path/Frameworks";
				MTL_FAST_MATH = YES;
				PRODUCT_BUNDLE_IDENTIFIER = "com.managuide.ManaKit.ManaKit-ExampleTests";
				PRODUCT_NAME = "$(TARGET_NAME)";
				SWIFT_VERSION = 5.0;
				TARGETED_DEVICE_FAMILY = "1,2";
			};
			name = Release;
		};
/* End XCBuildConfiguration section */

/* Begin XCConfigurationList section */
		607FACCB1AFB9204008FA782 /* Build configuration list for PBXProject "ManaKit" */ = {
			isa = XCConfigurationList;
			buildConfigurations = (
				607FACED1AFB9204008FA782 /* Debug */,
				607FACEE1AFB9204008FA782 /* Release */,
			);
			defaultConfigurationIsVisible = 0;
			defaultConfigurationName = Release;
		};
		607FACEF1AFB9204008FA782 /* Build configuration list for PBXNativeTarget "ManaKit_Example" */ = {
			isa = XCConfigurationList;
			buildConfigurations = (
				607FACF01AFB9204008FA782 /* Debug */,
				607FACF11AFB9204008FA782 /* Release */,
			);
			defaultConfigurationIsVisible = 0;
			defaultConfigurationName = Release;
		};
		8B70144B23B425200097298B /* Build configuration list for PBXNativeTarget "ManaKit_ExampleUITests" */ = {
			isa = XCConfigurationList;
			buildConfigurations = (
				8B70144C23B425200097298B /* Debug */,
				8B70144D23B425200097298B /* Release */,
			);
			defaultConfigurationIsVisible = 0;
			defaultConfigurationName = Release;
		};
		8B70145923B4252D0097298B /* Build configuration list for PBXNativeTarget "ManaKit_ExampleTests" */ = {
			isa = XCConfigurationList;
			buildConfigurations = (
				8B70145A23B4252D0097298B /* Debug */,
				8B70145B23B4252D0097298B /* Release */,
			);
			defaultConfigurationIsVisible = 0;
			defaultConfigurationName = Release;
		};
/* End XCConfigurationList section */
	};
	rootObject = 607FACC81AFB9204008FA782 /* Project object */;
}
